
Microsoft Visual Studio Solution File, Format Version 12.00
# Visual Studio 15
VisualStudioVersion = 15.0.27428.2043
MinimumVisualStudioVersion = 10.0.40219.1
Project("{FAE04EC0-301F-11D3-BF4B-00C04F79EFBC}") = "HotelManagement", "HotelManagement\HotelManagement.csproj", "{F28D28D6-EC45-4FE5-AD33-57747CB1773F}"
EndProject
Project("{FAE04EC0-301F-11D3-BF4B-00C04F79EFBC}") = "HotelManagement2", "HotelManagement2\HotelManagement2.csproj", "{9A927BF7-8A13-4425-B376-D4E8F45EEBF0}"
EndProject
Project("{FAE04EC0-301F-11D3-BF4B-00C04F79EFBC}") = "HotelManagementXML", "HotelManagementXML\HotelManagementXML.csproj", "{055C36B2-8D64-4AED-93D6-16CE337AC396}"
EndProject
Project("{FAE04EC0-301F-11D3-BF4B-00C04F79EFBC}") = "HotelManagementJSON", "HotelManagementJSON\HotelManagementJSON.csproj", "{78F7AFE4-EBC2-4ED1-9AB3-321E0C89C010}"
EndProject
Global
	GlobalSection(SolutionConfigurationPlatforms) = preSolution
		Debug|Any CPU = Debug|Any CPU
		Release|Any CPU = Release|Any CPU
	EndGlobalSection
	GlobalSection(ProjectConfigurationPlatforms) = postSolution
		{F28D28D6-EC45-4FE5-AD33-57747CB1773F}.Debug|Any CPU.ActiveCfg = Debug|Any CPU
		{F28D28D6-EC45-4FE5-AD33-57747CB1773F}.Debug|Any CPU.Build.0 = Debug|Any CPU
		{F28D28D6-EC45-4FE5-AD33-57747CB1773F}.Release|Any CPU.ActiveCfg = Release|Any CPU
		{F28D28D6-EC45-4FE5-AD33-57747CB1773F}.Release|Any CPU.Build.0 = Release|Any CPU
		{9A927BF7-8A13-4425-B376-D4E8F45EEBF0}.Debug|Any CPU.ActiveCfg = Debug|Any CPU
		{9A927BF7-8A13-4425-B376-D4E8F45EEBF0}.Debug|Any CPU.Build.0 = Debug|Any CPU
		{9A927BF7-8A13-4425-B376-D4E8F45EEBF0}.Release|Any CPU.ActiveCfg = Release|Any CPU
		{9A927BF7-8A13-4425-B376-D4E8F45EEBF0}.Release|Any CPU.Build.0 = Release|Any CPU
		{055C36B2-8D64-4AED-93D6-16CE337AC396}.Debug|Any CPU.ActiveCfg = Debug|Any CPU
		{055C36B2-8D64-4AED-93D6-16CE337AC396}.Debug|Any CPU.Build.0 = Debug|Any CPU
		{055C36B2-8D64-4AED-93D6-16CE337AC396}.Release|Any CPU.ActiveCfg = Release|Any CPU
		{055C36B2-8D64-4AED-93D6-16CE337AC396}.Release|Any CPU.Build.0 = Release|Any CPU
		{78F7AFE4-EBC2-4ED1-9AB3-321E0C89C010}.Debug|Any CPU.ActiveCfg = Debug|Any CPU
		{78F7AFE4-EBC2-4ED1-9AB3-321E0C89C010}.Debug|Any CPU.Build.0 = Debug|Any CPU
		{78F7AFE4-EBC2-4ED1-9AB3-321E0C89C010}.Release|Any CPU.ActiveCfg = Release|Any CPU
		{78F7AFE4-EBC2-4ED1-9AB3-321E0C89C010}.Release|Any CPU.Build.0 = Release|Any CPU
	EndGlobalSection
	GlobalSection(SolutionProperties) = preSolution
		HideSolutionNode = FALSE
	EndGlobalSection
	GlobalSection(ExtensibilityGlobals) = postSolution
		SolutionGuid = {94AC0A3D-9790-4677-B745-BFE447B3400B}
	EndGlobalSection
EndGlobal
